
Microsoft Visual Studio Solution File, Format Version 12.00
# Visual Studio Version 17
VisualStudioVersion = 17.8.34525.116
MinimumVisualStudioVersion = 10.0.40219.1
Project("{FAE04EC0-301F-11D3-BF4B-00C04F79EFBC}") = "reactAspNetCore.Server", "reactAspNetCore.Server\reactAspNetCore.Server.csproj", "{4FA98F0E-85CF-4B37-83BA-2FE1BC4DBCC5}"
EndProject
Project("{54A90642-561A-4BB1-A94E-469ADEE60C69}") = "reactaspnetcore.client", "reactaspnetcore.client\reactaspnetcore.client.esproj", "{DCE7D92F-ACD4-4693-8927-30A848A72603}"
EndProject
Global
	GlobalSection(SolutionConfigurationPlatforms) = preSolution
		Debug|Any CPU = Debug|Any CPU
		Release|Any CPU = Release|Any CPU
	EndGlobalSection
	GlobalSection(ProjectConfigurationPlatforms) = postSolution
		{4FA98F0E-85CF-4B37-83BA-2FE1BC4DBCC5}.Debug|Any CPU.ActiveCfg = Debug|Any CPU
		{4FA98F0E-85CF-4B37-83BA-2FE1BC4DBCC5}.Debug|Any CPU.Build.0 = Debug|Any CPU
		{4FA98F0E-85CF-4B37-83BA-2FE1BC4DBCC5}.Release|Any CPU.ActiveCfg = Release|Any CPU
		{4FA98F0E-85CF-4B37-83BA-2FE1BC4DBCC5}.Release|Any CPU.Build.0 = Release|Any CPU
		{DCE7D92F-ACD4-4693-8927-30A848A72603}.Debug|Any CPU.ActiveCfg = Debug|Any CPU
		{DCE7D92F-ACD4-4693-8927-30A848A72603}.Debug|Any CPU.Build.0 = Debug|Any CPU
		{DCE7D92F-ACD4-4693-8927-30A848A72603}.Debug|Any CPU.Deploy.0 = Debug|Any CPU
		{DCE7D92F-ACD4-4693-8927-30A848A72603}.Release|Any CPU.ActiveCfg = Release|Any CPU
		{DCE7D92F-ACD4-4693-8927-30A848A72603}.Release|Any CPU.Build.0 = Release|Any CPU
		{DCE7D92F-ACD4-4693-8927-30A848A72603}.Release|Any CPU.Deploy.0 = Release|Any CPU
	EndGlobalSection
	GlobalSection(SolutionProperties) = preSolution
		HideSolutionNode = FALSE
	EndGlobalSection
	GlobalSection(ExtensibilityGlobals) = postSolution
		SolutionGuid = {6E59AB6F-4A7D-4AD5-A434-7A35DC01337B}
	EndGlobalSection
EndGlobal
